
Microsoft Visual Studio Solution File, Format Version 12.00
# Visual Studio Version 16
VisualStudioVersion = 16.0.31005.135
MinimumVisualStudioVersion = 10.0.40219.1
Project("{FAE04EC0-301F-11D3-BF4B-00C04F79EFBC}") = "DevCard4", "DevCard4\DevCard4.csproj", "{6C3399C8-3B58-41D6-88C2-1409759BDC05}"
EndProject
Global
	GlobalSection(SolutionConfigurationPlatforms) = preSolution
		Debug|Any CPU = Debug|Any CPU
		Release|Any CPU = Release|Any CPU
	EndGlobalSection
	GlobalSection(ProjectConfigurationPlatforms) = postSolution
		{6C3399C8-3B58-41D6-88C2-1409759BDC05}.Debug|Any CPU.ActiveCfg = Debug|Any CPU
		{6C3399C8-3B58-41D6-88C2-1409759BDC05}.Debug|Any CPU.Build.0 = Debug|Any CPU
		{6C3399C8-3B58-41D6-88C2-1409759BDC05}.Release|Any CPU.ActiveCfg = Release|Any CPU
		{6C3399C8-3B58-41D6-88C2-1409759BDC05}.Release|Any CPU.Build.0 = Release|Any CPU
	EndGlobalSection
	GlobalSection(SolutionProperties) = preSolution
		HideSolutionNode = FALSE
	EndGlobalSection
	GlobalSection(ExtensibilityGlobals) = postSolution
		SolutionGuid = {6E2E167C-37A1-4CFB-8799-0E810C01D4A1}
	EndGlobalSection
EndGlobal
